
Microsoft Visual Studio Solution File, Format Version 12.00
# Visual Studio Version 17
VisualStudioVersion = 17.14.36518.9 d17.14
MinimumVisualStudioVersion = 10.0.40219.1
Project("{FAE04EC0-301F-11D3-BF4B-00C04F79EFBC}") = "Tamagochi", "Tamagochi.csproj", "{F69F44AB-E3A1-4BE3-A4BE-FDD628ECFD88}"
EndProject
Global
	GlobalSection(SolutionConfigurationPlatforms) = preSolution
		Debug|Any CPU = Debug|Any CPU
		Release|Any CPU = Release|Any CPU
	EndGlobalSection
	GlobalSection(ProjectConfigurationPlatforms) = postSolution
		{F69F44AB-E3A1-4BE3-A4BE-FDD628ECFD88}.Debug|Any CPU.ActiveCfg = Debug|Any CPU
		{F69F44AB-E3A1-4BE3-A4BE-FDD628ECFD88}.Debug|Any CPU.Build.0 = Debug|Any CPU
		{F69F44AB-E3A1-4BE3-A4BE-FDD628ECFD88}.Release|Any CPU.ActiveCfg = Release|Any CPU
		{F69F44AB-E3A1-4BE3-A4BE-FDD628ECFD88}.Release|Any CPU.Build.0 = Release|Any CPU
	EndGlobalSection
	GlobalSection(SolutionProperties) = preSolution
		HideSolutionNode = FALSE
	EndGlobalSection
	GlobalSection(ExtensibilityGlobals) = postSolution
		SolutionGuid = {FD9DDB15-1464-45EB-B4A4-B355C0493C3B}
	EndGlobalSection
EndGlobal
